// !$*UTF8*$!
{
	archiveVersion = 1;
	classes = {
	};
	objectVersion = 50;
	objects = {

/* Begin PBXBuildFile section */
		4609C737221F8B0A00B5255E /* AppDelegate.swift in Sources */ = {isa = PBXBuildFile; fileRef = 4609C736221F8B0A00B5255E /* AppDelegate.swift */; };
		4609C73C221F8B0A00B5255E /* Main.storyboard in Resources */ = {isa = PBXBuildFile; fileRef = 4609C73A221F8B0A00B5255E /* Main.storyboard */; };
		4609C73F221F8B0A00B5255E /* LocationNotes.xcdatamodeld in Sources */ = {isa = PBXBuildFile; fileRef = 4609C73D221F8B0A00B5255E /* LocationNotes.xcdatamodeld */; };
		4609C741221F8B0B00B5255E /* Assets.xcassets in Resources */ = {isa = PBXBuildFile; fileRef = 4609C740221F8B0B00B5255E /* Assets.xcassets */; };
		4609C744221F8B0B00B5255E /* LaunchScreen.storyboard in Resources */ = {isa = PBXBuildFile; fileRef = 4609C742221F8B0B00B5255E /* LaunchScreen.storyboard */; };
		460AE5EB2225D42B00EEA289 /* Note+CoreDataClass.swift in Sources */ = {isa = PBXBuildFile; fileRef = 460AE5E32225D42B00EEA289 /* Note+CoreDataClass.swift */; };
		460AE5EC2225D42B00EEA289 /* Note+CoreDataProperties.swift in Sources */ = {isa = PBXBuildFile; fileRef = 460AE5E42225D42B00EEA289 /* Note+CoreDataProperties.swift */; };
		460AE5ED2225D42B00EEA289 /* ImageNote+CoreDataClass.swift in Sources */ = {isa = PBXBuildFile; fileRef = 460AE5E52225D42B00EEA289 /* ImageNote+CoreDataClass.swift */; };
		460AE5EE2225D42B00EEA289 /* ImageNote+CoreDataProperties.swift in Sources */ = {isa = PBXBuildFile; fileRef = 460AE5E62225D42B00EEA289 /* ImageNote+CoreDataProperties.swift */; };
		460AE5EF2225D42B00EEA289 /* Folder+CoreDataClass.swift in Sources */ = {isa = PBXBuildFile; fileRef = 460AE5E72225D42B00EEA289 /* Folder+CoreDataClass.swift */; };
		460AE5F02225D42B00EEA289 /* Folder+CoreDataProperties.swift in Sources */ = {isa = PBXBuildFile; fileRef = 460AE5E82225D42B00EEA289 /* Folder+CoreDataProperties.swift */; };
		460AE5F12225D42B00EEA289 /* Location+CoreDataClass.swift in Sources */ = {isa = PBXBuildFile; fileRef = 460AE5E92225D42B00EEA289 /* Location+CoreDataClass.swift */; };
		460AE5F22225D42B00EEA289 /* Location+CoreDataProperties.swift in Sources */ = {isa = PBXBuildFile; fileRef = 460AE5EA2225D42B00EEA289 /* Location+CoreDataProperties.swift */; };
		460AE5F52226B34700EEA289 /* CoreDataManager.swift in Sources */ = {isa = PBXBuildFile; fileRef = 460AE5F42226B34700EEA289 /* CoreDataManager.swift */; };
		460AE5F7222C412600EEA289 /* FoldersTableViewController.swift in Sources */ = {isa = PBXBuildFile; fileRef = 460AE5F6222C412600EEA289 /* FoldersTableViewController.swift */; };
		460AE5FB222C4A6600EEA289 /* FolderTableViewController.swift in Sources */ = {isa = PBXBuildFile; fileRef = 460AE5FA222C4A6600EEA289 /* FolderTableViewController.swift */; };
		460AE5FD222C856000EEA289 /* NoteTableViewController.swift in Sources */ = {isa = PBXBuildFile; fileRef = 460AE5FC222C856000EEA289 /* NoteTableViewController.swift */; };
		460E12D72232E14A00C6E7BF /* SelectFolderTableViewController.swift in Sources */ = {isa = PBXBuildFile; fileRef = 460E12D62232E14A00C6E7BF /* SelectFolderTableViewController.swift */; };
		460E12DB223436B100C6E7BF /* LocationManager.swift in Sources */ = {isa = PBXBuildFile; fileRef = 460E12DA223436B100C6E7BF /* LocationManager.swift */; };
		4666518B2253FDB000831C15 /* StoreKit.framework in Frameworks */ = {isa = PBXBuildFile; fileRef = 4666518A2253FDB000831C15 /* StoreKit.framework */; };
		4666518D225425B200831C15 /* StoreManager.swift in Sources */ = {isa = PBXBuildFile; fileRef = 4666518C225425B200831C15 /* StoreManager.swift */; };
		4666518F2254DA6600831C15 /* NoteCell.swift in Sources */ = {isa = PBXBuildFile; fileRef = 4666518E2254DA6600831C15 /* NoteCell.swift */; };
		46665191225529C500831C15 /* icon_photo.png in Resources */ = {isa = PBXBuildFile; fileRef = 46665190225529C500831C15 /* icon_photo.png */; };
		466651A12256323000831C15 /* LSLocation.jpg in Resources */ = {isa = PBXBuildFile; fileRef = 466651A02256323000831C15 /* LSLocation.jpg */; };
		4666CFB92234528F00307A62 /* NoteMapViewController.swift in Sources */ = {isa = PBXBuildFile; fileRef = 4666CFB82234528F00307A62 /* NoteMapViewController.swift */; };
		4666CFBB2235B02900307A62 /* MapViewController.swift in Sources */ = {isa = PBXBuildFile; fileRef = 4666CFBA2235B02900307A62 /* MapViewController.swift */; };
		4666CFBD2235BF7600307A62 /* PriceManager.swift in Sources */ = {isa = PBXBuildFile; fileRef = 4666CFBC2235BF7600307A62 /* PriceManager.swift */; };
/* End PBXBuildFile section */

/* Begin PBXFileReference section */
		4609C733221F8B0A00B5255E /* LocationNotes.app */ = {isa = PBXFileReference; explicitFileType = wrapper.application; includeInIndex = 0; path = LocationNotes.app; sourceTree = BUILT_PRODUCTS_DIR; };
		4609C736221F8B0A00B5255E /* AppDelegate.swift */ = {isa = PBXFileReference; lastKnownFileType = sourcecode.swift; path = AppDelegate.swift; sourceTree = "<group>"; };
		4609C73B221F8B0A00B5255E /* Base */ = {isa = PBXFileReference; lastKnownFileType = file.storyboard; name = Base; path = Base.lproj/Main.storyboard; sourceTree = "<group>"; };
		4609C73E221F8B0A00B5255E /* LocationNotes.xcdatamodel */ = {isa = PBXFileReference; lastKnownFileType = wrapper.xcdatamodel; path = LocationNotes.xcdatamodel; sourceTree = "<group>"; };
		4609C740221F8B0B00B5255E /* Assets.xcassets */ = {isa = PBXFileReference; lastKnownFileType = folder.assetcatalog; path = Assets.xcassets; sourceTree = "<group>"; };
		4609C743221F8B0B00B5255E /* Base */ = {isa = PBXFileReference; lastKnownFileType = file.storyboard; name = Base; path = Base.lproj/LaunchScreen.storyboard; sourceTree = "<group>"; };
		4609C745221F8B0B00B5255E /* Info.plist */ = {isa = PBXFileReference; lastKnownFileType = text.plist.xml; path = Info.plist; sourceTree = "<group>"; };
		460AE5E32225D42B00EEA289 /* Note+CoreDataClass.swift */ = {isa = PBXFileReference; lastKnownFileType = sourcecode.swift; path = "Note+CoreDataClass.swift"; sourceTree = "<group>"; };
		460AE5E42225D42B00EEA289 /* Note+CoreDataProperties.swift */ = {isa = PBXFileReference; lastKnownFileType = sourcecode.swift; path = "Note+CoreDataProperties.swift"; sourceTree = "<group>"; };
		460AE5E52225D42B00EEA289 /* ImageNote+CoreDataClass.swift */ = {isa = PBXFileReference; lastKnownFileType = sourcecode.swift; path = "ImageNote+CoreDataClass.swift"; sourceTree = "<group>"; };
		460AE5E62225D42B00EEA289 /* ImageNote+CoreDataProperties.swift */ = {isa = PBXFileReference; lastKnownFileType = sourcecode.swift; path = "ImageNote+CoreDataProperties.swift"; sourceTree = "<group>"; };
		460AE5E72225D42B00EEA289 /* Folder+CoreDataClass.swift */ = {isa = PBXFileReference; lastKnownFileType = sourcecode.swift; path = "Folder+CoreDataClass.swift"; sourceTree = "<group>"; };
		460AE5E82225D42B00EEA289 /* Folder+CoreDataProperties.swift */ = {isa = PBXFileReference; lastKnownFileType = sourcecode.swift; path = "Folder+CoreDataProperties.swift"; sourceTree = "<group>"; };
		460AE5E92225D42B00EEA289 /* Location+CoreDataClass.swift */ = {isa = PBXFileReference; lastKnownFileType = sourcecode.swift; path = "Location+CoreDataClass.swift"; sourceTree = "<group>"; };
		460AE5EA2225D42B00EEA289 /* Location+CoreDataProperties.swift */ = {isa = PBXFileReference; lastKnownFileType = sourcecode.swift; path = "Location+CoreDataProperties.swift"; sourceTree = "<group>"; };
		460AE5F42226B34700EEA289 /* CoreDataManager.swift */ = {isa = PBXFileReference; lastKnownFileType = sourcecode.swift; path = CoreDataManager.swift; sourceTree = "<group>"; };
		460AE5F6222C412600EEA289 /* FoldersTableViewController.swift */ = {isa = PBXFileReference; lastKnownFileType = sourcecode.swift; path = FoldersTableViewController.swift; sourceTree = "<group>"; };
		460AE5FA222C4A6600EEA289 /* FolderTableViewController.swift */ = {isa = PBXFileReference; lastKnownFileType = sourcecode.swift; path = FolderTableViewController.swift; sourceTree = "<group>"; };
		460AE5FC222C856000EEA289 /* NoteTableViewController.swift */ = {isa = PBXFileReference; lastKnownFileType = sourcecode.swift; path = NoteTableViewController.swift; sourceTree = "<group>"; };
		460E12D62232E14A00C6E7BF /* SelectFolderTableViewController.swift */ = {isa = PBXFileReference; lastKnownFileType = sourcecode.swift; path = SelectFolderTableViewController.swift; sourceTree = "<group>"; };
		460E12DA223436B100C6E7BF /* LocationManager.swift */ = {isa = PBXFileReference; lastKnownFileType = sourcecode.swift; path = LocationManager.swift; sourceTree = "<group>"; };
		466651882253FD9300831C15 /* LocationNotes.entitlements */ = {isa = PBXFileReference; lastKnownFileType = text.plist.entitlements; path = LocationNotes.entitlements; sourceTree = "<group>"; };
		4666518A2253FDB000831C15 /* StoreKit.framework */ = {isa = PBXFileReference; lastKnownFileType = wrapper.framework; name = StoreKit.framework; path = System/Library/Frameworks/StoreKit.framework; sourceTree = SDKROOT; };
		4666518C225425B200831C15 /* StoreManager.swift */ = {isa = PBXFileReference; lastKnownFileType = sourcecode.swift; path = StoreManager.swift; sourceTree = "<group>"; };
		4666518E2254DA6600831C15 /* NoteCell.swift */ = {isa = PBXFileReference; lastKnownFileType = sourcecode.swift; path = NoteCell.swift; sourceTree = "<group>"; };
		46665190225529C500831C15 /* icon_photo.png */ = {isa = PBXFileReference; lastKnownFileType = image.png; path = icon_photo.png; sourceTree = "<group>"; };
		466651A02256323000831C15 /* LSLocation.jpg */ = {isa = PBXFileReference; lastKnownFileType = image.jpeg; name = LSLocation.jpg; path = ../../LeadsmanChat/LeadsmanChat/Assets.xcassets/LaunchImage.launchimage/LSLocation.jpg; sourceTree = "<group>"; };
		4666CFB82234528F00307A62 /* NoteMapViewController.swift */ = {isa = PBXFileReference; lastKnownFileType = sourcecode.swift; path = NoteMapViewController.swift; sourceTree = "<group>"; };
		4666CFBA2235B02900307A62 /* MapViewController.swift */ = {isa = PBXFileReference; lastKnownFileType = sourcecode.swift; path = MapViewController.swift; sourceTree = "<group>"; };
		4666CFBC2235BF7600307A62 /* PriceManager.swift */ = {isa = PBXFileReference; lastKnownFileType = sourcecode.swift; path = PriceManager.swift; sourceTree = "<group>"; };
/* End PBXFileReference section */

/* Begin PBXFrameworksBuildPhase section */
		4609C730221F8B0A00B5255E /* Frameworks */ = {
			isa = PBXFrameworksBuildPhase;
			buildActionMask = 2147483647;
			files = (
				4666518B2253FDB000831C15 /* StoreKit.framework in Frameworks */,
			);
			runOnlyForDeploymentPostprocessing = 0;
		};
/* End PBXFrameworksBuildPhase section */

/* Begin PBXGroup section */
		4609C72A221F8B0A00B5255E = {
			isa = PBXGroup;
			children = (
				4609C735221F8B0A00B5255E /* LocationNotes */,
				4609C734221F8B0A00B5255E /* Products */,
				460E12D9223435CE00C6E7BF /* Supporting files */,
				466651892253FDB000831C15 /* Frameworks */,
			);
			sourceTree = "<group>";
		};
		4609C734221F8B0A00B5255E /* Products */ = {
			isa = PBXGroup;
			children = (
				4609C733221F8B0A00B5255E /* LocationNotes.app */,
			);
			name = Products;
			sourceTree = "<group>";
		};
		4609C735221F8B0A00B5255E /* LocationNotes */ = {
			isa = PBXGroup;
			children = (
				466651882253FD9300831C15 /* LocationNotes.entitlements */,
				4609C745221F8B0B00B5255E /* Info.plist */,
				460AE5F32225D43C00EEA289 /* Model */,
				460AE5F9222C4A0600EEA289 /* View */,
				460AE5F8222C49E200EEA289 /* Controller */,
			);
			path = LocationNotes;
			sourceTree = "<group>";
		};
		460AE5F32225D43C00EEA289 /* Model */ = {
			isa = PBXGroup;
			children = (
				4666CFBC2235BF7600307A62 /* PriceManager.swift */,
				4666518C225425B200831C15 /* StoreManager.swift */,
				460E12DA223436B100C6E7BF /* LocationManager.swift */,
				460E12D82234359900C6E7BF /* CoreData */,
			);
			name = Model;
			path = ../Model;
			sourceTree = "<group>";
		};
		460AE5F8222C49E200EEA289 /* Controller */ = {
			isa = PBXGroup;
			children = (
				460AE5F6222C412600EEA289 /* FoldersTableViewController.swift */,
				460AE5FA222C4A6600EEA289 /* FolderTableViewController.swift */,
				4666518E2254DA6600831C15 /* NoteCell.swift */,
				460AE5FC222C856000EEA289 /* NoteTableViewController.swift */,
				460E12D62232E14A00C6E7BF /* SelectFolderTableViewController.swift */,
				4666CFB82234528F00307A62 /* NoteMapViewController.swift */,
				4666CFBA2235B02900307A62 /* MapViewController.swift */,
			);
			path = Controller;
			sourceTree = "<group>";
		};
		460AE5F9222C4A0600EEA289 /* View */ = {
			isa = PBXGroup;
			children = (
				4609C73A221F8B0A00B5255E /* Main.storyboard */,
			);
			path = View;
			sourceTree = "<group>";
		};
		460E12D82234359900C6E7BF /* CoreData */ = {
			isa = PBXGroup;
			children = (
				4609C73D221F8B0A00B5255E /* LocationNotes.xcdatamodeld */,
				460AE5E62225D42B00EEA289 /* ImageNote+CoreDataProperties.swift */,
				460AE5E72225D42B00EEA289 /* Folder+CoreDataClass.swift */,
				460AE5E82225D42B00EEA289 /* Folder+CoreDataProperties.swift */,
				460AE5E92225D42B00EEA289 /* Location+CoreDataClass.swift */,
				460AE5EA2225D42B00EEA289 /* Location+CoreDataProperties.swift */,
				460AE5E52225D42B00EEA289 /* ImageNote+CoreDataClass.swift */,
				460AE5E42225D42B00EEA289 /* Note+CoreDataProperties.swift */,
				460AE5E32225D42B00EEA289 /* Note+CoreDataClass.swift */,
				460AE5F42226B34700EEA289 /* CoreDataManager.swift */,
			);
			path = CoreData;
			sourceTree = "<group>";
		};
		460E12D9223435CE00C6E7BF /* Supporting files */ = {
			isa = PBXGroup;
			children = (
				466651A02256323000831C15 /* LSLocation.jpg */,
				4609C736221F8B0A00B5255E /* AppDelegate.swift */,
				46665190225529C500831C15 /* icon_photo.png */,
				4609C740221F8B0B00B5255E /* Assets.xcassets */,
				4609C742221F8B0B00B5255E /* LaunchScreen.storyboard */,
			);
			path = "Supporting files";
			sourceTree = "<group>";
		};
		466651892253FDB000831C15 /* Frameworks */ = {
			isa = PBXGroup;
			children = (
				4666518A2253FDB000831C15 /* StoreKit.framework */,
			);
			name = Frameworks;
			sourceTree = "<group>";
		};
/* End PBXGroup section */

/* Begin PBXNativeTarget section */
		4609C732221F8B0A00B5255E /* LocationNotes */ = {
			isa = PBXNativeTarget;
			buildConfigurationList = 4609C748221F8B0B00B5255E /* Build configuration list for PBXNativeTarget "LocationNotes" */;
			buildPhases = (
				4609C72F221F8B0A00B5255E /* Sources */,
				4609C730221F8B0A00B5255E /* Frameworks */,
				4609C731221F8B0A00B5255E /* Resources */,
			);
			buildRules = (
			);
			dependencies = (
			);
			name = LocationNotes;
			productName = LocationNotes;
			productReference = 4609C733221F8B0A00B5255E /* LocationNotes.app */;
			productType = "com.apple.product-type.application";
		};
/* End PBXNativeTarget section */

/* Begin PBXProject section */
		4609C72B221F8B0A00B5255E /* Project object */ = {
			isa = PBXProject;
			attributes = {
				LastSwiftUpdateCheck = 1010;
				LastUpgradeCheck = 1010;
				ORGANIZATIONNAME = "Igor Chernobai";
				TargetAttributes = {
					4609C732221F8B0A00B5255E = {
						CreatedOnToolsVersion = 10.1;
						SystemCapabilities = {
							com.apple.ApplePay = {
								enabled = 0;
							};
							com.apple.InAppPurchase = {
								enabled = 1;
							};
						};
					};
				};
			};
			buildConfigurationList = 4609C72E221F8B0A00B5255E /* Build configuration list for PBXProject "LocationNotes" */;
			compatibilityVersion = "Xcode 9.3";
			developmentRegion = en;
			hasScannedForEncodings = 0;
			knownRegions = (
				en,
				Base,
			);
			mainGroup = 4609C72A221F8B0A00B5255E;
			productRefGroup = 4609C734221F8B0A00B5255E /* Products */;
			projectDirPath = "";
			projectRoot = "";
			targets = (
				4609C732221F8B0A00B5255E /* LocationNotes */,
			);
		};
/* End PBXProject section */

/* Begin PBXResourcesBuildPhase section */
		4609C731221F8B0A00B5255E /* Resources */ = {
			isa = PBXResourcesBuildPhase;
			buildActionMask = 2147483647;
			files = (
				4609C744221F8B0B00B5255E /* LaunchScreen.storyboard in Resources */,
				4609C741221F8B0B00B5255E /* Assets.xcassets in Resources */,
				4609C73C221F8B0A00B5255E /* Main.storyboard in Resources */,
				466651A12256323000831C15 /* LSLocation.jpg in Resources */,
				46665191225529C500831C15 /* icon_photo.png in Resources */,
			);
			runOnlyForDeploymentPostprocessing = 0;
		};
/* End PBXResourcesBuildPhase section */

/* Begin PBXSourcesBuildPhase section */
		4609C72F221F8B0A00B5255E /* Sources */ = {
			isa = PBXSourcesBuildPhase;
			buildActionMask = 2147483647;
			files = (
				460AE5ED2225D42B00EEA289 /* ImageNote+CoreDataClass.swift in Sources */,
				460AE5FB222C4A6600EEA289 /* FolderTableViewController.swift in Sources */,
				460E12D72232E14A00C6E7BF /* SelectFolderTableViewController.swift in Sources */,
				460AE5F02225D42B00EEA289 /* Folder+CoreDataProperties.swift in Sources */,
				4666CFBD2235BF7600307A62 /* PriceManager.swift in Sources */,
				460E12DB223436B100C6E7BF /* LocationManager.swift in Sources */,
				460AE5EF2225D42B00EEA289 /* Folder+CoreDataClass.swift in Sources */,
				4666CFB92234528F00307A62 /* NoteMapViewController.swift in Sources */,
				460AE5EB2225D42B00EEA289 /* Note+CoreDataClass.swift in Sources */,
				460AE5F22225D42B00EEA289 /* Location+CoreDataProperties.swift in Sources */,
				460AE5EC2225D42B00EEA289 /* Note+CoreDataProperties.swift in Sources */,
				460AE5FD222C856000EEA289 /* NoteTableViewController.swift in Sources */,
				4666518F2254DA6600831C15 /* NoteCell.swift in Sources */,
				460AE5F7222C412600EEA289 /* FoldersTableViewController.swift in Sources */,
				460AE5EE2225D42B00EEA289 /* ImageNote+CoreDataProperties.swift in Sources */,
				4666CFBB2235B02900307A62 /* MapViewController.swift in Sources */,
				460AE5F12225D42B00EEA289 /* Location+CoreDataClass.swift in Sources */,
				4609C737221F8B0A00B5255E /* AppDelegate.swift in Sources */,
				4666518D225425B200831C15 /* StoreManager.swift in Sources */,
				4609C73F221F8B0A00B5255E /* LocationNotes.xcdatamodeld in Sources */,
				460AE5F52226B34700EEA289 /* CoreDataManager.swift in Sources */,
			);
			runOnlyForDeploymentPostprocessing = 0;
		};
/* End PBXSourcesBuildPhase section */

/* Begin PBXVariantGroup section */
		4609C73A221F8B0A00B5255E /* Main.storyboard */ = {
			isa = PBXVariantGroup;
			children = (
				4609C73B221F8B0A00B5255E /* Base */,
			);
			name = Main.storyboard;
			sourceTree = "<group>";
		};
		4609C742221F8B0B00B5255E /* LaunchScreen.storyboard */ = {
			isa = PBXVariantGroup;
			children = (
				4609C743221F8B0B00B5255E /* Base */,
			);
			name = LaunchScreen.storyboard;
			sourceTree = "<group>";
		};
/* End PBXVariantGroup section */

/* Begin XCBuildConfiguration section */
		4609C746221F8B0B00B5255E /* Debug */ = {
			isa = XCBuildConfiguration;
			buildSettings = {
				ALWAYS_SEARCH_USER_PATHS = NO;
				CLANG_ANALYZER_NONNULL = YES;
				CLANG_ANALYZER_NUMBER_OBJECT_CONVERSION = YES_AGGRESSIVE;
				CLANG_CXX_LANGUAGE_STANDARD = "gnu++14";
				CLANG_CXX_LIBRARY = "libc++";
				CLANG_ENABLE_MODULES = YES;
				CLANG_ENABLE_OBJC_ARC = YES;
				CLANG_ENABLE_OBJC_WEAK = YES;
				CLANG_WARN_BLOCK_CAPTURE_AUTORELEASING = YES;
				CLANG_WARN_BOOL_CONVERSION = YES;
				CLANG_WARN_COMMA = YES;
				CLANG_WARN_CONSTANT_CONVERSION = YES;
				CLANG_WARN_DEPRECATED_OBJC_IMPLEMENTATIONS = YES;
				CLANG_WARN_DIRECT_OBJC_ISA_USAGE = YES_ERROR;
				CLANG_WARN_DOCUMENTATION_COMMENTS = YES;
				CLANG_WARN_EMPTY_BODY = YES;
				CLANG_WARN_ENUM_CONVERSION = YES;
				CLANG_WARN_INFINITE_RECURSION = YES;
				CLANG_WARN_INT_CONVERSION = YES;
				CLANG_WARN_NON_LITERAL_NULL_CONVERSION = YES;
				CLANG_WARN_OBJC_IMPLICIT_RETAIN_SELF = YES;
				CLANG_WARN_OBJC_LITERAL_CONVERSION = YES;
				CLANG_WARN_OBJC_ROOT_CLASS = YES_ERROR;
				CLANG_WARN_RANGE_LOOP_ANALYSIS = YES;
				CLANG_WARN_STRICT_PROTOTYPES = YES;
				CLANG_WARN_SUSPICIOUS_MOVE = YES;
				CLANG_WARN_UNGUARDED_AVAILABILITY = YES_AGGRESSIVE;
				CLANG_WARN_UNREACHABLE_CODE = YES;
				CLANG_WARN__DUPLICATE_METHOD_MATCH = YES;
				CODE_SIGN_IDENTITY = "iPhone Developer";
				COPY_PHASE_STRIP = NO;
				DEBUG_INFORMATION_FORMAT = dwarf;
				ENABLE_STRICT_OBJC_MSGSEND = YES;
				ENABLE_TESTABILITY = YES;
				GCC_C_LANGUAGE_STANDARD = gnu11;
				GCC_DYNAMIC_NO_PIC = NO;
				GCC_NO_COMMON_BLOCKS = YES;
				GCC_OPTIMIZATION_LEVEL = 0;
				GCC_PREPROCESSOR_DEFINITIONS = (
					"DEBUG=1",
					"$(inherited)",
				);
				GCC_WARN_64_TO_32_BIT_CONVERSION = YES;
				GCC_WARN_ABOUT_RETURN_TYPE = YES_ERROR;
				GCC_WARN_UNDECLARED_SELECTOR = YES;
				GCC_WARN_UNINITIALIZED_AUTOS = YES_AGGRESSIVE;
				GCC_WARN_UNUSED_FUNCTION = YES;
				GCC_WARN_UNUSED_VARIABLE = YES;
				IPHONEOS_DEPLOYMENT_TARGET = 12.1;
				MTL_ENABLE_DEBUG_INFO = INCLUDE_SOURCE;
				MTL_FAST_MATH = YES;
				ONLY_ACTIVE_ARCH = YES;
				SDKROOT = iphoneos;
				SWIFT_ACTIVE_COMPILATION_CONDITIONS = DEBUG;
				SWIFT_OPTIMIZATION_LEVEL = "-Onone";
			};
			name = Debug;
		};
		4609C747221F8B0B00B5255E /* Release */ = {
			isa = XCBuildConfiguration;
			buildSettings = {
				ALWAYS_SEARCH_USER_PATHS = NO;
				CLANG_ANALYZER_NONNULL = YES;
				CLANG_ANALYZER_NUMBER_OBJECT_CONVERSION = YES_AGGRESSIVE;
				CLANG_CXX_LANGUAGE_STANDARD = "gnu++14";
				CLANG_CXX_LIBRARY = "libc++";
				CLANG_ENABLE_MODULES = YES;
				CLANG_ENABLE_OBJC_ARC = YES;
				CLANG_ENABLE_OBJC_WEAK = YES;
				CLANG_WARN_BLOCK_CAPTURE_AUTORELEASING = YES;
				CLANG_WARN_BOOL_CONVERSION = YES;
				CLANG_WARN_COMMA = YES;
				CLANG_WARN_CONSTANT_CONVERSION = YES;
				CLANG_WARN_DEPRECATED_OBJC_IMPLEMENTATIONS = YES;
				CLANG_WARN_DIRECT_OBJC_ISA_USAGE = YES_ERROR;
				CLANG_WARN_DOCUMENTATION_COMMENTS = YES;
				CLANG_WARN_EMPTY_BODY = YES;
				CLANG_WARN_ENUM_CONVERSION = YES;
				CLANG_WARN_INFINITE_RECURSION = YES;
				CLANG_WARN_INT_CONVERSION = YES;
				CLANG_WARN_NON_LITERAL_NULL_CONVERSION = YES;
				CLANG_WARN_OBJC_IMPLICIT_RETAIN_SELF = YES;
				CLANG_WARN_OBJC_LITERAL_CONVERSION = YES;
				CLANG_WARN_OBJC_ROOT_CLASS = YES_ERROR;
				CLANG_WARN_RANGE_LOOP_ANALYSIS = YES;
				CLANG_WARN_STRICT_PROTOTYPES = YES;
				CLANG_WARN_SUSPICIOUS_MOVE = YES;
				CLANG_WARN_UNGUARDED_AVAILABILITY = YES_AGGRESSIVE;
				CLANG_WARN_UNREACHABLE_CODE = YES;
				CLANG_WARN__DUPLICATE_METHOD_MATCH = YES;
				CODE_SIGN_IDENTITY = "iPhone Developer";
				COPY_PHASE_STRIP = NO;
				DEBUG_INFORMATION_FORMAT = "dwarf-with-dsym";
				ENABLE_NS_ASSERTIONS = NO;
				ENABLE_STRICT_OBJC_MSGSEND = YES;
				GCC_C_LANGUAGE_STANDARD = gnu11;
				GCC_NO_COMMON_BLOCKS = YES;
				GCC_WARN_64_TO_32_BIT_CONVERSION = YES;
				GCC_WARN_ABOUT_RETURN_TYPE = YES_ERROR;
				GCC_WARN_UNDECLARED_SELECTOR = YES;
				GCC_WARN_UNINITIALIZED_AUTOS = YES_AGGRESSIVE;
				GCC_WARN_UNUSED_FUNCTION = YES;
				GCC_WARN_UNUSED_VARIABLE = YES;
				IPHONEOS_DEPLOYMENT_TARGET = 12.1;
				MTL_ENABLE_DEBUG_INFO = NO;
				MTL_FAST_MATH = YES;
				SDKROOT = iphoneos;
				SWIFT_COMPILATION_MODE = wholemodule;
				SWIFT_OPTIMIZATION_LEVEL = "-O";
				VALIDATE_PRODUCT = YES;
			};
			name = Release;
		};
		4609C749221F8B0B00B5255E /* Debug */ = {
			isa = XCBuildConfiguration;
			buildSettings = {
				ASSETCATALOG_COMPILER_APPICON_NAME = AppIcon;
				CODE_SIGN_STYLE = Automatic;
				DEVELOPMENT_TEAM = 3F2Q7FQ47R;
				INFOPLIST_FILE = LocationNotes/Info.plist;
				IPHONEOS_DEPLOYMENT_TARGET = 11.4;
				LD_RUNPATH_SEARCH_PATHS = (
					"$(inherited)",
					"@executable_path/Frameworks",
				);
				PRODUCT_BUNDLE_IDENTIFIER = IC.LocationNotes;
				PRODUCT_NAME = "$(TARGET_NAME)";
				SWIFT_VERSION = 4.2;
				TARGETED_DEVICE_FAMILY = "1,2";
			};
			name = Debug;
		};
		4609C74A221F8B0B00B5255E /* Release */ = {
			isa = XCBuildConfiguration;
			buildSettings = {
				ASSETCATALOG_COMPILER_APPICON_NAME = AppIcon;
				CODE_SIGN_STYLE = Automatic;
				DEVELOPMENT_TEAM = 3F2Q7FQ47R;
				INFOPLIST_FILE = LocationNotes/Info.plist;
				IPHONEOS_DEPLOYMENT_TARGET = 11.4;
				LD_RUNPATH_SEARCH_PATHS = (
					"$(inherited)",
					"@executable_path/Frameworks",
				);
				PRODUCT_BUNDLE_IDENTIFIER = IC.LocationNotes;
				PRODUCT_NAME = "$(TARGET_NAME)";
				SWIFT_VERSION = 4.2;
				TARGETED_DEVICE_FAMILY = "1,2";
			};
			name = Release;
		};
/* End XCBuildConfiguration section */

/* Begin XCConfigurationList section */
		4609C72E221F8B0A00B5255E /* Build configuration list for PBXProject "LocationNotes" */ = {
			isa = XCConfigurationList;
			buildConfigurations = (
				4609C746221F8B0B00B5255E /* Debug */,
				4609C747221F8B0B00B5255E /* Release */,
			);
			defaultConfigurationIsVisible = 0;
			defaultConfigurationName = Release;
		};
		4609C748221F8B0B00B5255E /* Build configuration list for PBXNativeTarget "LocationNotes" */ = {
			isa = XCConfigurationList;
			buildConfigurations = (
				4609C749221F8B0B00B5255E /* Debug */,
				4609C74A221F8B0B00B5255E /* Release */,
			);
			defaultConfigurationIsVisible = 0;
			defaultConfigurationName = Release;
		};
/* End XCConfigurationList section */

/* Begin XCVersionGroup section */
		4609C73D221F8B0A00B5255E /* LocationNotes.xcdatamodeld */ = {
			isa = XCVersionGroup;
			children = (
				4609C73E221F8B0A00B5255E /* LocationNotes.xcdatamodel */,
			);
			currentVersion = 4609C73E221F8B0A00B5255E /* LocationNotes.xcdatamodel */;
			path = LocationNotes.xcdatamodeld;
			sourceTree = "<group>";
			versionGroupType = wrapper.xcdatamodel;
		};
/* End XCVersionGroup section */
	};
	rootObject = 4609C72B221F8B0A00B5255E /* Project object */;
}
